
Microsoft Visual Studio Solution File, Format Version 12.00
# Visual Studio 15
VisualStudioVersion = 15.0.27004.2009
MinimumVisualStudioVersion = 10.0.40219.1
Project("{FAE04EC0-301F-11D3-BF4B-00C04F79EFBC}") = "ScramblerUI", "ScramblerUI\ScramblerUI.csproj", "{901FF073-53C9-445C-9968-2861515EDCE4}"
EndProject
Project("{FAE04EC0-301F-11D3-BF4B-00C04F79EFBC}") = "FMLib", "FMLib\FMLib.csproj", "{3C072965-BA16-46BC-B037-28BCA02A96FD}"
EndProject
Project("{FAE04EC0-301F-11D3-BF4B-00C04F79EFBC}") = "FMScrambler_Proto", "FMScrambler_Proto\FMScrambler_Proto.csproj", "{2A77DDAB-D31F-455F-B711-CC324AD385C1}"
EndProject
Global
	GlobalSection(SolutionConfigurationPlatforms) = preSolution
		Debug|Any CPU = Debug|Any CPU
		Release|Any CPU = Release|Any CPU
	EndGlobalSection
	GlobalSection(ProjectConfigurationPlatforms) = postSolution
		{901FF073-53C9-445C-9968-2861515EDCE4}.Debug|Any CPU.ActiveCfg = Debug|Any CPU
		{901FF073-53C9-445C-9968-2861515EDCE4}.Debug|Any CPU.Build.0 = Debug|Any CPU
		{901FF073-53C9-445C-9968-2861515EDCE4}.Release|Any CPU.ActiveCfg = Release|Any CPU
		{901FF073-53C9-445C-9968-2861515EDCE4}.Release|Any CPU.Build.0 = Release|Any CPU
		{3C072965-BA16-46BC-B037-28BCA02A96FD}.Debug|Any CPU.ActiveCfg = Debug|Any CPU
		{3C072965-BA16-46BC-B037-28BCA02A96FD}.Debug|Any CPU.Build.0 = Debug|Any CPU
		{3C072965-BA16-46BC-B037-28BCA02A96FD}.Release|Any CPU.ActiveCfg = Release|Any CPU
		{3C072965-BA16-46BC-B037-28BCA02A96FD}.Release|Any CPU.Build.0 = Release|Any CPU
		{2A77DDAB-D31F-455F-B711-CC324AD385C1}.Debug|Any CPU.ActiveCfg = Debug|Any CPU
		{2A77DDAB-D31F-455F-B711-CC324AD385C1}.Debug|Any CPU.Build.0 = Debug|Any CPU
		{2A77DDAB-D31F-455F-B711-CC324AD385C1}.Release|Any CPU.ActiveCfg = Release|Any CPU
		{2A77DDAB-D31F-455F-B711-CC324AD385C1}.Release|Any CPU.Build.0 = Release|Any CPU
	EndGlobalSection
	GlobalSection(SolutionProperties) = preSolution
		HideSolutionNode = FALSE
	EndGlobalSection
	GlobalSection(ExtensibilityGlobals) = postSolution
		SolutionGuid = {BD9E4E3A-A925-4998-A3F8-BCD31D6E77C8}
	EndGlobalSection
EndGlobal
